
Microsoft Visual Studio Solution File, Format Version 12.00
# Visual Studio Version 17
VisualStudioVersion = 17.11.35118.90
MinimumVisualStudioVersion = 10.0.40219.1
Project("{2150E333-8FDC-42A3-9474-1A3956D46DE8}") = "Application", "Application", "{2720F246-8FC8-4D86-9571-45D62A8EFFA2}"
EndProject
Project("{2150E333-8FDC-42A3-9474-1A3956D46DE8}") = "Domain", "Domain", "{06CCFD64-15ED-4EB5-8220-F6DDB807A02F}"
EndProject
Project("{2150E333-8FDC-42A3-9474-1A3956D46DE8}") = "Presentation", "Presentation", "{0DF91F63-AC56-4356-9D36-D49D86F4AD92}"
EndProject
Project("{9A19103F-16F7-4668-BE54-9A1E7A4F7556}") = "ConsoleApp", "Presentation\ConsoleApp\ConsoleApp.csproj", "{11FFCFB2-1660-4805-AA0C-303E906BAD10}"
EndProject
Project("{FAE04EC0-301F-11D3-BF4B-00C04F79EFBC}") = "Application", "Application\Application.csproj", "{21C201B5-5877-4D75-8708-D07031B6F6A3}"
EndProject
Project("{FAE04EC0-301F-11D3-BF4B-00C04F79EFBC}") = "Domain", "Domain\Domain.csproj", "{CC359344-A98F-4E79-AC46-344AF1FC4F29}"
EndProject
Global
	GlobalSection(SolutionConfigurationPlatforms) = preSolution
		Debug|Any CPU = Debug|Any CPU
		Release|Any CPU = Release|Any CPU
	EndGlobalSection
	GlobalSection(ProjectConfigurationPlatforms) = postSolution
		{11FFCFB2-1660-4805-AA0C-303E906BAD10}.Debug|Any CPU.ActiveCfg = Debug|Any CPU
		{11FFCFB2-1660-4805-AA0C-303E906BAD10}.Debug|Any CPU.Build.0 = Debug|Any CPU
		{11FFCFB2-1660-4805-AA0C-303E906BAD10}.Release|Any CPU.ActiveCfg = Release|Any CPU
		{11FFCFB2-1660-4805-AA0C-303E906BAD10}.Release|Any CPU.Build.0 = Release|Any CPU
		{21C201B5-5877-4D75-8708-D07031B6F6A3}.Debug|Any CPU.ActiveCfg = Debug|Any CPU
		{21C201B5-5877-4D75-8708-D07031B6F6A3}.Debug|Any CPU.Build.0 = Debug|Any CPU
		{21C201B5-5877-4D75-8708-D07031B6F6A3}.Release|Any CPU.ActiveCfg = Release|Any CPU
		{21C201B5-5877-4D75-8708-D07031B6F6A3}.Release|Any CPU.Build.0 = Release|Any CPU
		{CC359344-A98F-4E79-AC46-344AF1FC4F29}.Debug|Any CPU.ActiveCfg = Debug|Any CPU
		{CC359344-A98F-4E79-AC46-344AF1FC4F29}.Debug|Any CPU.Build.0 = Debug|Any CPU
		{CC359344-A98F-4E79-AC46-344AF1FC4F29}.Release|Any CPU.ActiveCfg = Release|Any CPU
		{CC359344-A98F-4E79-AC46-344AF1FC4F29}.Release|Any CPU.Build.0 = Release|Any CPU
	EndGlobalSection
	GlobalSection(SolutionProperties) = preSolution
		HideSolutionNode = FALSE
	EndGlobalSection
	GlobalSection(NestedProjects) = preSolution
		{11FFCFB2-1660-4805-AA0C-303E906BAD10} = {0DF91F63-AC56-4356-9D36-D49D86F4AD92}
		{21C201B5-5877-4D75-8708-D07031B6F6A3} = {2720F246-8FC8-4D86-9571-45D62A8EFFA2}
		{CC359344-A98F-4E79-AC46-344AF1FC4F29} = {06CCFD64-15ED-4EB5-8220-F6DDB807A02F}
	EndGlobalSection
	GlobalSection(ExtensibilityGlobals) = postSolution
		SolutionGuid = {88806538-B604-4855-882C-A81077EA1733}
	EndGlobalSection
EndGlobal
